
Microsoft Visual Studio Solution File, Format Version 12.00
# Visual Studio Version 16
VisualStudioVersion = 16.0.31911.196
MinimumVisualStudioVersion = 10.0.40219.1
Project("{FAE04EC0-301F-11D3-BF4B-00C04F79EFBC}") = "TutorialApplication", "TutorialApplication\TutorialApplication.csproj", "{55E7621C-141D-442F-8E89-625F253A19EA}"
EndProject
Global
	GlobalSection(SolutionConfigurationPlatforms) = preSolution
		Debug|Any CPU = Debug|Any CPU
		Release|Any CPU = Release|Any CPU
	EndGlobalSection
	GlobalSection(ProjectConfigurationPlatforms) = postSolution
		{55E7621C-141D-442F-8E89-625F253A19EA}.Debug|Any CPU.ActiveCfg = Debug|Any CPU
		{55E7621C-141D-442F-8E89-625F253A19EA}.Debug|Any CPU.Build.0 = Debug|Any CPU
		{55E7621C-141D-442F-8E89-625F253A19EA}.Release|Any CPU.ActiveCfg = Release|Any CPU
		{55E7621C-141D-442F-8E89-625F253A19EA}.Release|Any CPU.Build.0 = Release|Any CPU
	EndGlobalSection
	GlobalSection(SolutionProperties) = preSolution
		HideSolutionNode = FALSE
	EndGlobalSection
	GlobalSection(ExtensibilityGlobals) = postSolution
		SolutionGuid = {7D45FA1C-1861-4367-9115-98BF3E90145B}
	EndGlobalSection
EndGlobal
